{
  "name": "grayscale-landing-page-vue-components",
  "version": "1.0.0",
  "lockfileVersion": 1,
  "requires": true,
  "dependencies": {
    "description-vue-components": {
      "version": "1.0.3",
      "resolved": "https://registry.npmjs.org/description-vue-components/-/description-vue-components-1.0.3.tgz",
      "integrity": "sha512-e+lj1AAnkfmO0UrPalfg0DSKwPgoghxu7/ajCCqTze9WtbuM1WIGDR8+7Oapaqk+J88YNSqEjE6AfUIXeokyTQ=="
    },
    "grayscale-vue-components": {
      "version": "1.0.6",
      "resolved": "https://registry.npmjs.org/grayscale-vue-components/-/grayscale-vue-components-1.0.6.tgz",
      "integrity": "sha512-fl4fjK73JMfeAOS79En+tcoIGR5KvetuDTl3g39sBbVCvoKWXTHnN488ff3RBgAmD4v0teNkuxQCEIPDQiPsYQ=="
    },
    "helper-vue-components": {
      "version": "1.0.1",
      "resolved": "https://registry.npmjs.org/helper-vue-components/-/helper-vue-components-1.0.1.tgz",
      "integrity": "sha512-0MHAg6pHaiz9EuqAT7XFmYmb7A3NQS/Mt3JSxN+TVNEKRkGnPbkZXyNqrvorntm/1JCMia3MUCRYJJeXJLSH/Q==",
      "requires": {
        "js-helper-methods": "^1.0.1"
      }
    },
    "js-helper-methods": {
      "version": "1.0.6",
      "resolved": "https://registry.npmjs.org/js-helper-methods/-/js-helper-methods-1.0.6.tgz",
      "integrity": "sha512-bl58gsE8UTbD82fVjwNBCxGfeKRNEovuUkGtBuORDlZ4Vqy11xhyIdjo3nStS0PwtU6RmvKdx77cIS6avv4oNQ=="
    },
    "text-contents-vue-components": {
      "version": "1.0.4",
      "resolved": "https://registry.npmjs.org/text-contents-vue-components/-/text-contents-vue-components-1.0.4.tgz",
      "integrity": "sha512-/uTPnVQ/MN3YEavj3GwjlXyXmmlDKM9BqVMv4duXv1PwXmusHTK22QqsXUVcxUrby1kHP90pYdZMJjfkmqDQ3A=="
    }
  }
}
